PODS:
  - FMDB (2.6.2):
    - FMDB/standard (= 2.6.2)
  - FMDB/standard (2.6.2)
  - SDWebImage (3.7.6):
    - SDWebImage/Core (= 3.7.6)
  - SDWebImage/Core (3.7.6)
  - WCoreKit (0.2.5):
    - WCoreKit/WAuthorizationManager (= 0.2.5)
    - WCoreKit/WImageBannerView (= 0.2.5)
    - WCoreKit/WNavigationBarTool (= 0.2.5)
    - WCoreKit/WOrmManager (= 0.2.5)
    - WCoreKit/WRuntimeKit (= 0.2.5)
    - WCoreKit/WServiceForDatabase (= 0.2.5)
    - WCoreKit/WToolsKit (= 0.2.5)
  - WCoreKit/WAuthorizationManager (0.2.5)
  - WCoreKit/WImageBannerView (0.2.5):
    - SDWebImage
    - WCoreKit/WToolsKit
  - WCoreKit/WNavigationBarTool (0.2.5)
  - WCoreKit/WOrmManager (0.2.5):
    - WCoreKit/WRuntimeKit
  - WCoreKit/WRuntimeKit (0.2.5)
  - WCoreKit/WServiceForDatabase (0.2.5):
    - FMDB
    - WCoreKit/WOrmManager
  - WCoreKit/WToolsKit (0.2.5)

DEPENDENCIES:
  - WCoreKit (from `../`)

EXTERNAL SOURCES:
  WCoreKit:
    :path: ../

SPEC CHECKSUMS:
  FMDB: 854a0341b4726e53276f2a8996f06f1b80f9259a
  SDWebImage: c325cf02c30337336b95beff20a13df489ec0ec9
  WCoreKit: f00bc42932e95becda539ff82be33b3e4279059f

PODFILE CHECKSUM: 09aa04e1f16c6386cab138623b43189cffab75b7

COCOAPODS: 1.0.1
