PODS:
  - FMDB (2.5):
    - FMDB/standard (= 2.5)
  - FMDB/common (2.5)
  - FMDB/standard (2.5):
    - FMDB/common
  - WCoreKit (0.1.7):
    - WCoreKit/WAlertController (= 0.1.7)
    - WCoreKit/WNavigationBarTool (= 0.1.7)
    - WCoreKit/WOrmManager (= 0.1.7)
    - WCoreKit/WRuntimeKit (= 0.1.7)
    - WCoreKit/WServiceForDatabase (= 0.1.7)
    - WCoreKit/WToolsKit (= 0.1.7)
  - WCoreKit/WAlertController (0.1.7)
  - WCoreKit/WNavigationBarTool (0.1.7)
  - WCoreKit/WOrmManager (0.1.7):
    - WCoreKit/WRuntimeKit
  - WCoreKit/WRuntimeKit (0.1.7)
  - WCoreKit/WServiceForDatabase (0.1.7):
    - FMDB
    - WCoreKit/WOrmManager
  - WCoreKit/WToolsKit (0.1.7)

DEPENDENCIES:
  - WCoreKit (from `../`)

EXTERNAL SOURCES:
  WCoreKit:
    :path: "../"

SPEC CHECKSUMS:
  FMDB: 96e8f1bcc1329e269330f99770ad4285d9003e52
  WCoreKit: 4fc58ea543fe47ff6562abf056c988ee7597d9a6

COCOAPODS: 0.39.0
